
Microsoft Visual Studio Solution File, Format Version 12.00
# Visual Studio Version 17
VisualStudioVersion = 17.12.35527.113
MinimumVisualStudioVersion = 10.0.40219.1
Project("{FAE04EC0-301F-11D3-BF4B-00C04F79EFBC}") = "SIGMAF.Desktop", "SIGMAF.Desktop\SIGMAF.Desktop.csproj", "{44451B5C-5895-492D-82C0-F91BEA13345E}"
EndProject
Project("{FAE04EC0-301F-11D3-BF4B-00C04F79EFBC}") = "SIGMAF.ApiClient", "SIGMAF.ApiClient\SIGMAF.ApiClient.csproj", "{2400EEDC-D5A6-4983-B4E6-45D123AF11B0}"
EndProject
Project("{FAE04EC0-301F-11D3-BF4B-00C04F79EFBC}") = "SIGMAF.Domain", "SIGMAF.Domain\SIGMAF.Domain.csproj", "{BD399ADC-D59A-4B29-9A80-13F731DECF3F}"
EndProject
Project("{FAE04EC0-301F-11D3-BF4B-00C04F79EFBC}") = "SIGMAF.Infrastructure", "SIGMAF.Infrastructure\SIGMAF.Infrastructure.csproj", "{DD26123B-9C7B-4059-A109-B8814455A70B}"
EndProject
Project("{54435603-DBB4-11D2-8724-00A0C9A8B90C}") = "SIGMAF", "SIGMAF\SIGMAF.vdproj", "{C76FE9F4-4400-4FE8-8D7E-B31A6FB67D2F}"
EndProject
Project("{FAE04EC0-301F-11D3-BF4B-00C04F79EFBC}") = "SIGMAF.InfrastructureGYM", "SIGMAF.InfrastructureGYM\SIGMAF.InfrastructureGYM.csproj", "{F0D3D1A7-E13E-4BE2-908B-9184763A3182}"
EndProject
Project("{FAE04EC0-301F-11D3-BF4B-00C04F79EFBC}") = "SIGMAF.AplicationGYM", "SIGMAF.AplicationGYM\SIGMAF.AplicationGYM.csproj", "{47E70015-BFE8-4A4A-880E-8A0F5BCB1536}"
EndProject
Global
	GlobalSection(SolutionConfigurationPlatforms) = preSolution
		Debug|Any CPU = Debug|Any CPU
		Release|Any CPU = Release|Any CPU
	EndGlobalSection
	GlobalSection(ProjectConfigurationPlatforms) = postSolution
		{44451B5C-5895-492D-82C0-F91BEA13345E}.Debug|Any CPU.ActiveCfg = Debug|Any CPU
		{44451B5C-5895-492D-82C0-F91BEA13345E}.Debug|Any CPU.Build.0 = Debug|Any CPU
		{44451B5C-5895-492D-82C0-F91BEA13345E}.Release|Any CPU.ActiveCfg = Release|Any CPU
		{44451B5C-5895-492D-82C0-F91BEA13345E}.Release|Any CPU.Build.0 = Release|Any CPU
		{2400EEDC-D5A6-4983-B4E6-45D123AF11B0}.Debug|Any CPU.ActiveCfg = Debug|Any CPU
		{2400EEDC-D5A6-4983-B4E6-45D123AF11B0}.Debug|Any CPU.Build.0 = Debug|Any CPU
		{2400EEDC-D5A6-4983-B4E6-45D123AF11B0}.Release|Any CPU.ActiveCfg = Release|Any CPU
		{2400EEDC-D5A6-4983-B4E6-45D123AF11B0}.Release|Any CPU.Build.0 = Release|Any CPU
		{BD399ADC-D59A-4B29-9A80-13F731DECF3F}.Debug|Any CPU.ActiveCfg = Debug|Any CPU
		{BD399ADC-D59A-4B29-9A80-13F731DECF3F}.Debug|Any CPU.Build.0 = Debug|Any CPU
		{BD399ADC-D59A-4B29-9A80-13F731DECF3F}.Release|Any CPU.ActiveCfg = Release|Any CPU
		{BD399ADC-D59A-4B29-9A80-13F731DECF3F}.Release|Any CPU.Build.0 = Release|Any CPU
		{DD26123B-9C7B-4059-A109-B8814455A70B}.Debug|Any CPU.ActiveCfg = Debug|Any CPU
		{DD26123B-9C7B-4059-A109-B8814455A70B}.Debug|Any CPU.Build.0 = Debug|Any CPU
		{DD26123B-9C7B-4059-A109-B8814455A70B}.Release|Any CPU.ActiveCfg = Release|Any CPU
		{DD26123B-9C7B-4059-A109-B8814455A70B}.Release|Any CPU.Build.0 = Release|Any CPU
		{C76FE9F4-4400-4FE8-8D7E-B31A6FB67D2F}.Debug|Any CPU.ActiveCfg = Debug
		{C76FE9F4-4400-4FE8-8D7E-B31A6FB67D2F}.Release|Any CPU.ActiveCfg = Release
		{F0D3D1A7-E13E-4BE2-908B-9184763A3182}.Debug|Any CPU.ActiveCfg = Debug|Any CPU
		{F0D3D1A7-E13E-4BE2-908B-9184763A3182}.Debug|Any CPU.Build.0 = Debug|Any CPU
		{F0D3D1A7-E13E-4BE2-908B-9184763A3182}.Release|Any CPU.ActiveCfg = Release|Any CPU
		{F0D3D1A7-E13E-4BE2-908B-9184763A3182}.Release|Any CPU.Build.0 = Release|Any CPU
		{47E70015-BFE8-4A4A-880E-8A0F5BCB1536}.Debug|Any CPU.ActiveCfg = Debug|Any CPU
		{47E70015-BFE8-4A4A-880E-8A0F5BCB1536}.Debug|Any CPU.Build.0 = Debug|Any CPU
		{47E70015-BFE8-4A4A-880E-8A0F5BCB1536}.Release|Any CPU.ActiveCfg = Release|Any CPU
		{47E70015-BFE8-4A4A-880E-8A0F5BCB1536}.Release|Any CPU.Build.0 = Release|Any CPU
	EndGlobalSection
	GlobalSection(SolutionProperties) = preSolution
		HideSolutionNode = FALSE
	EndGlobalSection
EndGlobal
